// !$*UTF8*$!
{
	archiveVersion = 1;
	classes = {
	};
	objectVersion = 46;
	objects = {

/* Begin PBXBuildFile section */
		478C8182D2624A198CDDEC10 /* Stubs.m in Sources */ = {isa = PBXBuildFile; fileRef = E142CBDFC6ED4B70B2691646 /* Stubs.m */; };
		7C5847CE37B64A10B65FBD6A /* Foundation.framework in Frameworks */ = {isa = PBXBuildFile; fileRef = 6BD00C5470E34632A600C311 /* Foundation.framework */; };
/* End PBXBuildFile section */

/* Begin PBXFileReference section */
		02EDDF55874540BD8ACD758E /* IASKSpecifierValuesViewController.h */ = {isa = PBXFileReference; includeInIndex = 1; lastKnownFileType = sourcecode.c.h; name = IASKSpecifierValuesViewController.h; path = vendor/Pods/Headers/InAppSettingsKit/IASKSpecifierValuesViewController.h; sourceTree = SOURCE_ROOT; };
		0DC9B53CB0604A8AAC43C38D /* IASKViewController.h */ = {isa = PBXFileReference; includeInIndex = 1; lastKnownFileType = sourcecode.c.h; name = IASKViewController.h; path = vendor/Pods/Headers/InAppSettingsKit/IASKViewController.h; sourceTree = SOURCE_ROOT; };
		17E9AE7A3DAE4AEC9803D51A /* IASKPSTextFieldSpecifierViewCell.h */ = {isa = PBXFileReference; includeInIndex = 1; lastKnownFileType = sourcecode.c.h; name = IASKPSTextFieldSpecifierViewCell.h; path = vendor/Pods/Headers/InAppSettingsKit/IASKPSTextFieldSpecifierViewCell.h; sourceTree = SOURCE_ROOT; };
		22301CF920D444358F44225B /* IASKSlider.h */ = {isa = PBXFileReference; includeInIndex = 1; lastKnownFileType = sourcecode.c.h; name = IASKSlider.h; path = vendor/Pods/Headers/InAppSettingsKit/IASKSlider.h; sourceTree = SOURCE_ROOT; };
		266E6895927B4766B0AFBDFC /* ____Pods-environment.h */ = {isa = PBXFileReference; includeInIndex = 1; lastKnownFileType = sourcecode.c.h; name = "____Pods-environment.h"; path = "vendor/Pods/Headers/____Pods-environment.h"; sourceTree = SOURCE_ROOT; };
		268699D41B7242568639ACC1 /* IASKPSTitleValueSpecifierViewCell.h */ = {isa = PBXFileReference; includeInIndex = 1; lastKnownFileType = sourcecode.c.h; name = IASKPSTitleValueSpecifierViewCell.h; path = vendor/Pods/Headers/InAppSettingsKit/IASKPSTitleValueSpecifierViewCell.h; sourceTree = SOURCE_ROOT; };
		27C0A6C6A90F45A1B0822CA8 /* IASKPSSliderSpecifierViewCell.h */ = {isa = PBXFileReference; includeInIndex = 1; lastKnownFileType = sourcecode.c.h; name = IASKPSSliderSpecifierViewCell.h; path = vendor/Pods/Headers/InAppSettingsKit/IASKPSSliderSpecifierViewCell.h; sourceTree = SOURCE_ROOT; };
		32BFE64217CF693B00DB6C63 /* Icon-72.png */ = {isa = PBXFileReference; lastKnownFileType = image.png; path = "Icon-72.png"; sourceTree = "<group>"; };
		32BFE64317CF693B00DB6C63 /* Icon@2x.png */ = {isa = PBXFileReference; lastKnownFileType = image.png; path = "Icon@2x.png"; sourceTree = "<group>"; };
		32BFE64417CF693B00DB6C63 /* icon.png */ = {isa = PBXFileReference; lastKnownFileType = image.png; path = icon.png; sourceTree = "<group>"; };
		3AD89B068E304485B32E93B8 /* libib.a */ = {isa = PBXFileReference; explicitFileType = archive.ar; includeInIndex = 0; path = libib.a; sourceTree = BUILT_PRODUCTS_DIR; };
		3E34802B114F49D385493875 /* QuartzCore.framework */ = {isa = PBXFileReference; includeInIndex = 1; lastKnownFileType = wrapper.framework; name = QuartzCore.framework; path = Platforms/iPhoneOS.platform/Developer/SDKs/iPhoneOS6.1.sdk/System/Library/Frameworks/QuartzCore.framework; sourceTree = DEVELOPER_DIR; };
		4EE5BEC8C17F472A85F0B658 /* IASKSettingsStoreUserDefaults.h */ = {isa = PBXFileReference; includeInIndex = 1; lastKnownFileType = sourcecode.c.h; name = IASKSettingsStoreUserDefaults.h; path = vendor/Pods/Headers/InAppSettingsKit/IASKSettingsStoreUserDefaults.h; sourceTree = SOURCE_ROOT; };
		51B87AC4FC5B4552BCB2F5E8 /* Stubs.h */ = {isa = PBXFileReference; includeInIndex = 1; lastKnownFileType = sourcecode.c.h; name = Stubs.h; path = ib.xcodeproj/Stubs.h; sourceTree = SOURCE_ROOT; };
		6BD00C5470E34632A600C311 /* Foundation.framework */ = {isa = PBXFileReference; includeInIndex = 1; lastKnownFileType = wrapper.framework; name = Foundation.framework; path = Platforms/iPhoneOS.platform/Developer/SDKs/iPhoneOS6.1.sdk/System/Library/Frameworks/Foundation.framework; sourceTree = DEVELOPER_DIR; };
		7B18215B6A694BA08085CE94 /* IASKSettingsStoreFile.h */ = {isa = PBXFileReference; includeInIndex = 1; lastKnownFileType = sourcecode.c.h; name = IASKSettingsStoreFile.h; path = vendor/Pods/Headers/InAppSettingsKit/IASKSettingsStoreFile.h; sourceTree = SOURCE_ROOT; };
		815AEC2059944E188ABEF993 /* CoreData.framework */ = {isa = PBXFileReference; includeInIndex = 1; lastKnownFileType = wrapper.framework; name = CoreData.framework; path = Platforms/iPhoneOS.platform/Developer/SDKs/iPhoneOS6.1.sdk/System/Library/Frameworks/CoreData.framework; sourceTree = DEVELOPER_DIR; };
		90D3DD585890417DACF62E39 /* ____Pods-prefix.h */ = {isa = PBXFileReference; includeInIndex = 1; lastKnownFileType = sourcecode.c.h; name = "____Pods-prefix.h"; path = "vendor/Pods/Headers/____Pods-prefix.h"; sourceTree = SOURCE_ROOT; };
		963BD7F398C349F1BB3B07CC /* IASKTextField.h */ = {isa = PBXFileReference; includeInIndex = 1; lastKnownFileType = sourcecode.c.h; name = IASKTextField.h; path = vendor/Pods/Headers/InAppSettingsKit/IASKTextField.h; sourceTree = SOURCE_ROOT; };
		BC812A7C66FE4BC481630ED1 /* CoreGraphics.framework */ = {isa = PBXFileReference; includeInIndex = 1; lastKnownFileType = wrapper.framework; name = CoreGraphics.framework; path = Platforms/iPhoneOS.platform/Developer/SDKs/iPhoneOS6.1.sdk/System/Library/Frameworks/CoreGraphics.framework; sourceTree = DEVELOPER_DIR; };
		C65FA5ABD0A94A1593F333E6 /* IASKAppSettingsViewController.h */ = {isa = PBXFileReference; includeInIndex = 1; lastKnownFileType = sourcecode.c.h; name = IASKAppSettingsViewController.h; path = vendor/Pods/Headers/InAppSettingsKit/IASKAppSettingsViewController.h; sourceTree = SOURCE_ROOT; };
		CD5D76088BFC4C38954127CE /* IASKSpecifier.h */ = {isa = PBXFileReference; includeInIndex = 1; lastKnownFileType = sourcecode.c.h; name = IASKSpecifier.h; path = vendor/Pods/Headers/InAppSettingsKit/IASKSpecifier.h; sourceTree = SOURCE_ROOT; };
		D6080BA872254300A95772F0 /* Storyboard.storyboard */ = {isa = PBXFileReference; includeInIndex = 1; lastKnownFileType = file.storyboard; name = Storyboard.storyboard; path = resources/Storyboard.storyboard; sourceTree = SOURCE_ROOT; };
		E142CBDFC6ED4B70B2691646 /* Stubs.m */ = {isa = PBXFileReference; includeInIndex = 1; lastKnownFileType = sourcecode.c.objc; name = Stubs.m; path = ib.xcodeproj/Stubs.m; sourceTree = SOURCE_ROOT; };
		E34BF4CC7CAC4FF290D9645E /* Default-568h@2x.png */ = {isa = PBXFileReference; includeInIndex = 1; lastKnownFileType = image.png; name = "Default-568h@2x.png"; path = "resources/Default-568h@2x.png"; sourceTree = SOURCE_ROOT; };
		E85BD0FBD7534505B61EF852 /* IASKSwitch.h */ = {isa = PBXFileReference; includeInIndex = 1; lastKnownFileType = sourcecode.c.h; name = IASKSwitch.h; path = vendor/Pods/Headers/InAppSettingsKit/IASKSwitch.h; sourceTree = SOURCE_ROOT; };
		EDFC4D02E94C4A85B151BB50 /* IASKSettingsReader.h */ = {isa = PBXFileReference; includeInIndex = 1; lastKnownFileType = sourcecode.c.h; name = IASKSettingsReader.h; path = vendor/Pods/Headers/InAppSettingsKit/IASKSettingsReader.h; sourceTree = SOURCE_ROOT; };
		EF499D37C6BA4CFDAAF4CDA6 /* IASKSettingsStore.h */ = {isa = PBXFileReference; includeInIndex = 1; lastKnownFileType = sourcecode.c.h; name = IASKSettingsStore.h; path = vendor/Pods/Headers/InAppSettingsKit/IASKSettingsStore.h; sourceTree = SOURCE_ROOT; };
		F5ACC0240C23442DB18A2C0A /* en.lproj */ = {isa = PBXFileReference; includeInIndex = 1; lastKnownFileType = folder; name = en.lproj; path = resources/Settings.bundle/en.lproj; sourceTree = SOURCE_ROOT; };
		FC8418E7CC3C4AB9B5586114 /* IASKAppSettingsWebViewController.h */ = {isa = PBXFileReference; includeInIndex = 1; lastKnownFileType = sourcecode.c.h; name = IASKAppSettingsWebViewController.h; path = vendor/Pods/Headers/InAppSettingsKit/IASKAppSettingsWebViewController.h; sourceTree = SOURCE_ROOT; };
/* End PBXFileReference section */

/* Begin PBXFrameworksBuildPhase section */
		E140DEAB59EE4B8F825DB9F0 /* Frameworks */ = {
			isa = PBXFrameworksBuildPhase;
			buildActionMask = 2147483647;
			files = (
				7C5847CE37B64A10B65FBD6A /* Foundation.framework in Frameworks */,
			);
			runOnlyForDeploymentPostprocessing = 0;
		};
/* End PBXFrameworksBuildPhase section */

/* Begin PBXGroup section */
		529334E5914E42BB81B8198B /* Supporting Files */ = {
			isa = PBXGroup;
			children = (
				51B87AC4FC5B4552BCB2F5E8 /* Stubs.h */,
				E142CBDFC6ED4B70B2691646 /* Stubs.m */,
			);
			name = "Supporting Files";
			path = ib.xcodeproj;
			sourceTree = "<group>";
		};
		629CE9D326CD4875A5C3A1C3 /* Resources */ = {
			isa = PBXGroup;
			children = (
				32BFE64217CF693B00DB6C63 /* Icon-72.png */,
				32BFE64317CF693B00DB6C63 /* Icon@2x.png */,
				32BFE64417CF693B00DB6C63 /* icon.png */,
				E34BF4CC7CAC4FF290D9645E /* Default-568h@2x.png */,
				D6080BA872254300A95772F0 /* Storyboard.storyboard */,
				F5ACC0240C23442DB18A2C0A /* en.lproj */,
			);
			name = Resources;
			path = resources;
			sourceTree = "<group>";
		};
		792CC82D3B59499892F814C5 = {
			isa = PBXGroup;
			children = (
				E54635720BD14435B635DC81 /* Products */,
				E25317161DF5439B95484398 /* Frameworks */,
				629CE9D326CD4875A5C3A1C3 /* Resources */,
				529334E5914E42BB81B8198B /* Supporting Files */,
				F52CCAE46C394FEFB82F78F5 /* Pods */,
			);
			sourceTree = "<group>";
		};
		E25317161DF5439B95484398 /* Frameworks */ = {
			isa = PBXGroup;
			children = (
				6BD00C5470E34632A600C311 /* Foundation.framework */,
				3E34802B114F49D385493875 /* QuartzCore.framework */,
				BC812A7C66FE4BC481630ED1 /* CoreGraphics.framework */,
				815AEC2059944E188ABEF993 /* CoreData.framework */,
			);
			name = Frameworks;
			sourceTree = "<group>";
		};
		E54635720BD14435B635DC81 /* Products */ = {
			isa = PBXGroup;
			children = (
				3AD89B068E304485B32E93B8 /* libib.a */,
			);
			name = Products;
			sourceTree = "<group>";
		};
		F52CCAE46C394FEFB82F78F5 /* Pods */ = {
			isa = PBXGroup;
			children = (
				266E6895927B4766B0AFBDFC /* ____Pods-environment.h */,
				90D3DD585890417DACF62E39 /* ____Pods-prefix.h */,
				C65FA5ABD0A94A1593F333E6 /* IASKAppSettingsViewController.h */,
				FC8418E7CC3C4AB9B5586114 /* IASKAppSettingsWebViewController.h */,
				27C0A6C6A90F45A1B0822CA8 /* IASKPSSliderSpecifierViewCell.h */,
				17E9AE7A3DAE4AEC9803D51A /* IASKPSTextFieldSpecifierViewCell.h */,
				268699D41B7242568639ACC1 /* IASKPSTitleValueSpecifierViewCell.h */,
				EDFC4D02E94C4A85B151BB50 /* IASKSettingsReader.h */,
				EF499D37C6BA4CFDAAF4CDA6 /* IASKSettingsStore.h */,
				7B18215B6A694BA08085CE94 /* IASKSettingsStoreFile.h */,
				4EE5BEC8C17F472A85F0B658 /* IASKSettingsStoreUserDefaults.h */,
				22301CF920D444358F44225B /* IASKSlider.h */,
				CD5D76088BFC4C38954127CE /* IASKSpecifier.h */,
				02EDDF55874540BD8ACD758E /* IASKSpecifierValuesViewController.h */,
				E85BD0FBD7534505B61EF852 /* IASKSwitch.h */,
				963BD7F398C349F1BB3B07CC /* IASKTextField.h */,
				0DC9B53CB0604A8AAC43C38D /* IASKViewController.h */,
			);
			name = Pods;
			path = vendor/Pods/Headers;
			sourceTree = "<group>";
		};
/* End PBXGroup section */

/* Begin PBXNativeTarget section */
		92AE036A78964AEB88490D95 /* ib */ = {
			isa = PBXNativeTarget;
			buildConfigurationList = BC1E599760C04ACF9C1BF5D2 /* Build configuration list for PBXNativeTarget "ib" */;
			buildPhases = (
				0494D7011E894B289D063A0D /* Sources */,
				E140DEAB59EE4B8F825DB9F0 /* Frameworks */,
			);
			buildRules = (
			);
			dependencies = (
			);
			name = ib;
			productName = ib;
			productReference = 3AD89B068E304485B32E93B8 /* libib.a */;
			productType = "com.apple.product-type.library.static";
		};
/* End PBXNativeTarget section */

/* Begin PBXProject section */
		C7A07DA26B9B4D3986AFD5FF /* Project object */ = {
			isa = PBXProject;
			attributes = {
				LastUpgradeCheck = 0450;
			};
			buildConfigurationList = 13C3B8759C8D42FDA498F5AA /* Build configuration list for PBXProject "ib" */;
			compatibilityVersion = "Xcode 3.2";
			developmentRegion = English;
			hasScannedForEncodings = 0;
			knownRegions = (
				en,
			);
			mainGroup = 792CC82D3B59499892F814C5;
			productRefGroup = E54635720BD14435B635DC81 /* Products */;
			projectDirPath = "";
			projectRoot = "";
			targets = (
				92AE036A78964AEB88490D95 /* ib */,
			);
		};
/* End PBXProject section */

/* Begin PBXSourcesBuildPhase section */
		0494D7011E894B289D063A0D /* Sources */ = {
			isa = PBXSourcesBuildPhase;
			buildActionMask = 2147483647;
			files = (
				478C8182D2624A198CDDEC10 /* Stubs.m in Sources */,
			);
			runOnlyForDeploymentPostprocessing = 0;
		};
/* End PBXSourcesBuildPhase section */

/* Begin XCBuildConfiguration section */
		4A1FB745D505495C9ADB8E92 /* Release */ = {
			isa = XCBuildConfiguration;
			buildSettings = {
				ALWAYS_SEARCH_USER_PATHS = NO;
				ARCHS = "$(ARCHS_STANDARD_32_BIT)";
				COPY_PHASE_STRIP = YES;
				DSTROOT = /tmp/xcodeproj.dst;
				GCC_C_LANGUAGE_STANDARD = gnu99;
				GCC_PRECOMPILE_PREFIX_HEADER = YES;
				GCC_VERSION = com.apple.compilers.llvm.clang.1_0;
				INSTALL_PATH = "$(BUILT_PRODUCTS_DIR)";
				IPHONEOS_DEPLOYMENT_TARGET = 4.3;
				OTHER_CFLAGS = (
					"-DNS_BLOCK_ASSERTIONS=1",
					"$(inherited)",
				);
				OTHER_CPLUSPLUSFLAGS = (
					"-DNS_BLOCK_ASSERTIONS=1",
					"$(inherited)",
				);
				OTHER_LDFLAGS = "";
				PRODUCT_NAME = "$(TARGET_NAME)";
				PUBLIC_HEADERS_FOLDER_PATH = "$(TARGET_NAME)";
				SDKROOT = iphoneos;
				SKIP_INSTALL = YES;
				VALIDATE_PRODUCT = YES;
			};
			name = Release;
		};
		5FBB020A1DD341769818CD91 /* Debug */ = {
			isa = XCBuildConfiguration;
			buildSettings = {
				ALWAYS_SEARCH_USER_PATHS = NO;
				ARCHS = "$(ARCHS_STANDARD_32_BIT)";
				COPY_PHASE_STRIP = NO;
				DSTROOT = /tmp/xcodeproj.dst;
				GCC_C_LANGUAGE_STANDARD = gnu99;
				GCC_DYNAMIC_NO_PIC = NO;
				GCC_OPTIMIZATION_LEVEL = 0;
				GCC_PRECOMPILE_PREFIX_HEADER = YES;
				GCC_PREPROCESSOR_DEFINITIONS = (
					"DEBUG=1",
					"$(inherited)",
				);
				GCC_SYMBOLS_PRIVATE_EXTERN = NO;
				GCC_VERSION = com.apple.compilers.llvm.clang.1_0;
				INSTALL_PATH = "$(BUILT_PRODUCTS_DIR)";
				IPHONEOS_DEPLOYMENT_TARGET = 4.3;
				OTHER_LDFLAGS = "";
				PRODUCT_NAME = "$(TARGET_NAME)";
				PUBLIC_HEADERS_FOLDER_PATH = "$(TARGET_NAME)";
				SDKROOT = iphoneos;
				SKIP_INSTALL = YES;
			};
			name = Debug;
		};
		7B19701B081545C099977595 /* Release */ = {
			isa = XCBuildConfiguration;
			buildSettings = {
			};
			name = Release;
		};
		BDD9B772848D488AAA7DB63A /* Debug */ = {
			isa = XCBuildConfiguration;
			buildSettings = {
			};
			name = Debug;
		};
/* End XCBuildConfiguration section */

/* Begin XCConfigurationList section */
		13C3B8759C8D42FDA498F5AA /* Build configuration list for PBXProject "ib" */ = {
			isa = XCConfigurationList;
			buildConfigurations = (
				7B19701B081545C099977595 /* Release */,
				BDD9B772848D488AAA7DB63A /* Debug */,
			);
			defaultConfigurationIsVisible = 0;
			defaultConfigurationName = Release;
		};
		BC1E599760C04ACF9C1BF5D2 /* Build configuration list for PBXNativeTarget "ib" */ = {
			isa = XCConfigurationList;
			buildConfigurations = (
				4A1FB745D505495C9ADB8E92 /* Release */,
				5FBB020A1DD341769818CD91 /* Debug */,
			);
			defaultConfigurationIsVisible = 0;
			defaultConfigurationName = Release;
		};
/* End XCConfigurationList section */
	};
	rootObject = C7A07DA26B9B4D3986AFD5FF /* Project object */;
}
